
Microsoft Visual Studio Solution File, Format Version 12.00
# Visual Studio 15
VisualStudioVersion = 15.0.28307.106
MinimumVisualStudioVersion = 10.0.40219.1
Project("{FAE04EC0-301F-11D3-BF4B-00C04F79EFBC}") = "WhileIteration", "WhileIteration\WhileIteration.csproj", "{931B6E6F-CC59-4A52-B7CF-3C7BABD1BA2A}"
EndProject
Global
	GlobalSection(SolutionConfigurationPlatforms) = preSolution
		Debug|Any CPU = Debug|Any CPU
		Release|Any CPU = Release|Any CPU
	EndGlobalSection
	GlobalSection(ProjectConfigurationPlatforms) = postSolution
		{931B6E6F-CC59-4A52-B7CF-3C7BABD1BA2A}.Debug|Any CPU.ActiveCfg = Debug|Any CPU
		{931B6E6F-CC59-4A52-B7CF-3C7BABD1BA2A}.Debug|Any CPU.Build.0 = Debug|Any CPU
		{931B6E6F-CC59-4A52-B7CF-3C7BABD1BA2A}.Release|Any CPU.ActiveCfg = Release|Any CPU
		{931B6E6F-CC59-4A52-B7CF-3C7BABD1BA2A}.Release|Any CPU.Build.0 = Release|Any CPU
	EndGlobalSection
	GlobalSection(SolutionProperties) = preSolution
		HideSolutionNode = FALSE
	EndGlobalSection
	GlobalSection(ExtensibilityGlobals) = postSolution
		SolutionGuid = {7145B4CD-44AC-40B2-A69C-AAF84E60CBFB}
	EndGlobalSection
EndGlobal
